
Microsoft Visual Studio Solution File, Format Version 12.00
# Visual Studio Version 17
VisualStudioVersion = 17.7.34024.191
MinimumVisualStudioVersion = 10.0.40219.1
Project("{9A19103F-16F7-4668-BE54-9A1E7A4F7556}") = "FavouriteManager", "FavouriteManager.csproj", "{E1FA62B1-7739-41D8-8C57-FDE94BA3D657}"
EndProject
Project("{FAE04EC0-301F-11D3-BF4B-00C04F79EFBC}") = "FavouriteManagerTest", "..\FavouriteManagerTest\FavouriteManagerTest.csproj", "{0819BF5C-1122-4A5F-9863-E67EFE5DC16D}"
EndProject
Global
	GlobalSection(SolutionConfigurationPlatforms) = preSolution
		Debug|Any CPU = Debug|Any CPU
		Release|Any CPU = Release|Any CPU
	EndGlobalSection
	GlobalSection(ProjectConfigurationPlatforms) = postSolution
		{E1FA62B1-7739-41D8-8C57-FDE94BA3D657}.Debug|Any CPU.ActiveCfg = Debug|Any CPU
		{E1FA62B1-7739-41D8-8C57-FDE94BA3D657}.Debug|Any CPU.Build.0 = Debug|Any CPU
		{E1FA62B1-7739-41D8-8C57-FDE94BA3D657}.Release|Any CPU.ActiveCfg = Release|Any CPU
		{E1FA62B1-7739-41D8-8C57-FDE94BA3D657}.Release|Any CPU.Build.0 = Release|Any CPU
		{0819BF5C-1122-4A5F-9863-E67EFE5DC16D}.Debug|Any CPU.ActiveCfg = Debug|Any CPU
		{0819BF5C-1122-4A5F-9863-E67EFE5DC16D}.Debug|Any CPU.Build.0 = Debug|Any CPU
		{0819BF5C-1122-4A5F-9863-E67EFE5DC16D}.Release|Any CPU.ActiveCfg = Release|Any CPU
		{0819BF5C-1122-4A5F-9863-E67EFE5DC16D}.Release|Any CPU.Build.0 = Release|Any CPU
	EndGlobalSection
	GlobalSection(SolutionProperties) = preSolution
		HideSolutionNode = FALSE
	EndGlobalSection
	GlobalSection(ExtensibilityGlobals) = postSolution
		SolutionGuid = {BEB2261F-9036-402D-937B-28AD5812BAE7}
	EndGlobalSection
EndGlobal
